
Microsoft Visual Studio Solution File, Format Version 12.00
# Visual Studio 15
VisualStudioVersion = 15.0.26430.14
MinimumVisualStudioVersion = 10.0.40219.1
Project("{FAE04EC0-301F-11D3-BF4B-00C04F79EFBC}") = "MasterProject.Grammar", "MasterProject.Grammar\MasterProject.Grammar.csproj", "{1EB77B1E-B36F-429B-A364-07D8990DF4DF}"
EndProject
Project("{FAE04EC0-301F-11D3-BF4B-00C04F79EFBC}") = "MasterProject.Parser", "MasterProject.Parser\MasterProject.Parser.csproj", "{7B181A5A-1696-4BAE-89EA-C46B35BE192C}"
EndProject
Project("{FAE04EC0-301F-11D3-BF4B-00C04F79EFBC}") = "MasterProject.Model", "MasterProject.Model\MasterProject.Model.csproj", "{5CAE0DB0-1506-411E-ACFF-6617AA291B99}"
EndProject
Project("{FAE04EC0-301F-11D3-BF4B-00C04F79EFBC}") = "UnitTest.MasterProject", "UnitTest.MasterProject\UnitTest.MasterProject.csproj", "{CFF4A0CB-C066-48A5-83E2-6A9CC8E9E392}"
EndProject
Project("{2150E333-8FDC-42A3-9474-1A3956D46DE8}") = ".build", ".build", "{61EB27C6-93D1-4EF9-9605-EC31261D254B}"
	ProjectSection(SolutionItems) = preProject
		appveyor.yml = appveyor.yml
	EndProjectSection
EndProject
Project("{2150E333-8FDC-42A3-9474-1A3956D46DE8}") = ".scripts", ".scripts", "{4EEB8859-06B8-4453-B811-B07834E466CA}"
	ProjectSection(SolutionItems) = preProject
		SourceData\harvest-aendringsdefinition.ps1 = SourceData\harvest-aendringsdefinition.ps1
	EndProjectSection
EndProject
Project("{FAE04EC0-301F-11D3-BF4B-00C04F79EFBC}") = "MasterProject.PatchEngine", "MasterProject.PatchEngine\MasterProject.PatchEngine.csproj", "{237ABBEB-D921-4FEB-8284-605976DF70F3}"
EndProject
Project("{FAE04EC0-301F-11D3-BF4B-00C04F79EFBC}") = "MasterProject.Utilities", "MasterProject.Utilities\MasterProject.Utilities.csproj", "{AE9AB314-E7CF-491A-864F-4307B55DBD5E}"
EndProject
Project("{FAE04EC0-301F-11D3-BF4B-00C04F79EFBC}") = "MasterProject.CliTools", "MasterProject.CliTools\MasterProject.CliTools.csproj", "{FD004C14-11AB-4424-8FDB-95CAB39B249A}"
EndProject
Global
	GlobalSection(SolutionConfigurationPlatforms) = preSolution
		Debug|Any CPU = Debug|Any CPU
		Release|Any CPU = Release|Any CPU
	EndGlobalSection
	GlobalSection(ProjectConfigurationPlatforms) = postSolution
		{1EB77B1E-B36F-429B-A364-07D8990DF4DF}.Debug|Any CPU.ActiveCfg = Debug|Any CPU
		{1EB77B1E-B36F-429B-A364-07D8990DF4DF}.Debug|Any CPU.Build.0 = Debug|Any CPU
		{1EB77B1E-B36F-429B-A364-07D8990DF4DF}.Release|Any CPU.ActiveCfg = Release|Any CPU
		{1EB77B1E-B36F-429B-A364-07D8990DF4DF}.Release|Any CPU.Build.0 = Release|Any CPU
		{7B181A5A-1696-4BAE-89EA-C46B35BE192C}.Debug|Any CPU.ActiveCfg = Debug|Any CPU
		{7B181A5A-1696-4BAE-89EA-C46B35BE192C}.Debug|Any CPU.Build.0 = Debug|Any CPU
		{7B181A5A-1696-4BAE-89EA-C46B35BE192C}.Release|Any CPU.ActiveCfg = Release|Any CPU
		{7B181A5A-1696-4BAE-89EA-C46B35BE192C}.Release|Any CPU.Build.0 = Release|Any CPU
		{5CAE0DB0-1506-411E-ACFF-6617AA291B99}.Debug|Any CPU.ActiveCfg = Debug|Any CPU
		{5CAE0DB0-1506-411E-ACFF-6617AA291B99}.Debug|Any CPU.Build.0 = Debug|Any CPU
		{5CAE0DB0-1506-411E-ACFF-6617AA291B99}.Release|Any CPU.ActiveCfg = Release|Any CPU
		{5CAE0DB0-1506-411E-ACFF-6617AA291B99}.Release|Any CPU.Build.0 = Release|Any CPU
		{CFF4A0CB-C066-48A5-83E2-6A9CC8E9E392}.Debug|Any CPU.ActiveCfg = Debug|Any CPU
		{CFF4A0CB-C066-48A5-83E2-6A9CC8E9E392}.Debug|Any CPU.Build.0 = Debug|Any CPU
		{CFF4A0CB-C066-48A5-83E2-6A9CC8E9E392}.Release|Any CPU.ActiveCfg = Release|Any CPU
		{CFF4A0CB-C066-48A5-83E2-6A9CC8E9E392}.Release|Any CPU.Build.0 = Release|Any CPU
		{237ABBEB-D921-4FEB-8284-605976DF70F3}.Debug|Any CPU.ActiveCfg = Debug|Any CPU
		{237ABBEB-D921-4FEB-8284-605976DF70F3}.Debug|Any CPU.Build.0 = Debug|Any CPU
		{237ABBEB-D921-4FEB-8284-605976DF70F3}.Release|Any CPU.ActiveCfg = Release|Any CPU
		{237ABBEB-D921-4FEB-8284-605976DF70F3}.Release|Any CPU.Build.0 = Release|Any CPU
		{AE9AB314-E7CF-491A-864F-4307B55DBD5E}.Debug|Any CPU.ActiveCfg = Debug|Any CPU
		{AE9AB314-E7CF-491A-864F-4307B55DBD5E}.Debug|Any CPU.Build.0 = Debug|Any CPU
		{AE9AB314-E7CF-491A-864F-4307B55DBD5E}.Release|Any CPU.ActiveCfg = Release|Any CPU
		{AE9AB314-E7CF-491A-864F-4307B55DBD5E}.Release|Any CPU.Build.0 = Release|Any CPU
		{FD004C14-11AB-4424-8FDB-95CAB39B249A}.Debug|Any CPU.ActiveCfg = Debug|Any CPU
		{FD004C14-11AB-4424-8FDB-95CAB39B249A}.Debug|Any CPU.Build.0 = Debug|Any CPU
		{FD004C14-11AB-4424-8FDB-95CAB39B249A}.Release|Any CPU.ActiveCfg = Release|Any CPU
		{FD004C14-11AB-4424-8FDB-95CAB39B249A}.Release|Any CPU.Build.0 = Release|Any CPU
	EndGlobalSection
	GlobalSection(SolutionProperties) = preSolution
		HideSolutionNode = FALSE
	EndGlobalSection
EndGlobal
